
Microsoft Visual Studio Solution File, Format Version 12.00
# Visual Studio Version 17
VisualStudioVersion = 17.0.31903.59
MinimumVisualStudioVersion = 10.0.40219.1
Project("{FAE04EC0-301F-11D3-BF4B-00C04F79EFBC}") = "CaptureCoyote.Core", "CaptureCoyote.Core\CaptureCoyote.Core.csproj", "{5E3C51AB-C945-4F7F-960B-D61BE352F1A6}"
EndProject
Project("{FAE04EC0-301F-11D3-BF4B-00C04F79EFBC}") = "CaptureCoyote.Services", "CaptureCoyote.Services\CaptureCoyote.Services.csproj", "{4FB23AEA-235B-478D-9D84-61643B30C274}"
EndProject
Project("{FAE04EC0-301F-11D3-BF4B-00C04F79EFBC}") = "CaptureCoyote.Infrastructure", "CaptureCoyote.Infrastructure\CaptureCoyote.Infrastructure.csproj", "{8A1A8538-0592-4ED4-9DEB-21E384E5BE2B}"
EndProject
Project("{FAE04EC0-301F-11D3-BF4B-00C04F79EFBC}") = "CaptureCoyote.Editor", "CaptureCoyote.Editor\CaptureCoyote.Editor.csproj", "{7DEC6E4E-24F7-4691-9603-87AB69791106}"
EndProject
Project("{FAE04EC0-301F-11D3-BF4B-00C04F79EFBC}") = "CaptureCoyote.App", "CaptureCoyote.App\CaptureCoyote.App.csproj", "{A195CA24-963B-4E78-AF13-DE0FD5DFBF6F}"
EndProject
Global
	GlobalSection(SolutionConfigurationPlatforms) = preSolution
		Debug|Any CPU = Debug|Any CPU
		Debug|x64 = Debug|x64
		Debug|x86 = Debug|x86
		Release|Any CPU = Release|Any CPU
		Release|x64 = Release|x64
		Release|x86 = Release|x86
	EndGlobalSection
	GlobalSection(ProjectConfigurationPlatforms) = postSolution
		{5E3C51AB-C945-4F7F-960B-D61BE352F1A6}.Debug|Any CPU.ActiveCfg = Debug|Any CPU
		{5E3C51AB-C945-4F7F-960B-D61BE352F1A6}.Debug|Any CPU.Build.0 = Debug|Any CPU
		{5E3C51AB-C945-4F7F-960B-D61BE352F1A6}.Debug|x64.ActiveCfg = Debug|Any CPU
		{5E3C51AB-C945-4F7F-960B-D61BE352F1A6}.Debug|x64.Build.0 = Debug|Any CPU
		{5E3C51AB-C945-4F7F-960B-D61BE352F1A6}.Debug|x86.ActiveCfg = Debug|Any CPU
		{5E3C51AB-C945-4F7F-960B-D61BE352F1A6}.Debug|x86.Build.0 = Debug|Any CPU
		{5E3C51AB-C945-4F7F-960B-D61BE352F1A6}.Release|Any CPU.ActiveCfg = Release|Any CPU
		{5E3C51AB-C945-4F7F-960B-D61BE352F1A6}.Release|Any CPU.Build.0 = Release|Any CPU
		{5E3C51AB-C945-4F7F-960B-D61BE352F1A6}.Release|x64.ActiveCfg = Release|Any CPU
		{5E3C51AB-C945-4F7F-960B-D61BE352F1A6}.Release|x64.Build.0 = Release|Any CPU
		{5E3C51AB-C945-4F7F-960B-D61BE352F1A6}.Release|x86.ActiveCfg = Release|Any CPU
		{5E3C51AB-C945-4F7F-960B-D61BE352F1A6}.Release|x86.Build.0 = Release|Any CPU
		{4FB23AEA-235B-478D-9D84-61643B30C274}.Debug|Any CPU.ActiveCfg = Debug|Any CPU
		{4FB23AEA-235B-478D-9D84-61643B30C274}.Debug|Any CPU.Build.0 = Debug|Any CPU
		{4FB23AEA-235B-478D-9D84-61643B30C274}.Debug|x64.ActiveCfg = Debug|Any CPU
		{4FB23AEA-235B-478D-9D84-61643B30C274}.Debug|x64.Build.0 = Debug|Any CPU
		{4FB23AEA-235B-478D-9D84-61643B30C274}.Debug|x86.ActiveCfg = Debug|Any CPU
		{4FB23AEA-235B-478D-9D84-61643B30C274}.Debug|x86.Build.0 = Debug|Any CPU
		{4FB23AEA-235B-478D-9D84-61643B30C274}.Release|Any CPU.ActiveCfg = Release|Any CPU
		{4FB23AEA-235B-478D-9D84-61643B30C274}.Release|Any CPU.Build.0 = Release|Any CPU
		{4FB23AEA-235B-478D-9D84-61643B30C274}.Release|x64.ActiveCfg = Release|Any CPU
		{4FB23AEA-235B-478D-9D84-61643B30C274}.Release|x64.Build.0 = Release|Any CPU
		{4FB23AEA-235B-478D-9D84-61643B30C274}.Release|x86.ActiveCfg = Release|Any CPU
		{4FB23AEA-235B-478D-9D84-61643B30C274}.Release|x86.Build.0 = Release|Any CPU
		{8A1A8538-0592-4ED4-9DEB-21E384E5BE2B}.Debug|Any CPU.ActiveCfg = Debug|Any CPU
		{8A1A8538-0592-4ED4-9DEB-21E384E5BE2B}.Debug|Any CPU.Build.0 = Debug|Any CPU
		{8A1A8538-0592-4ED4-9DEB-21E384E5BE2B}.Debug|x64.ActiveCfg = Debug|Any CPU
		{8A1A8538-0592-4ED4-9DEB-21E384E5BE2B}.Debug|x64.Build.0 = Debug|Any CPU
		{8A1A8538-0592-4ED4-9DEB-21E384E5BE2B}.Debug|x86.ActiveCfg = Debug|Any CPU
		{8A1A8538-0592-4ED4-9DEB-21E384E5BE2B}.Debug|x86.Build.0 = Debug|Any CPU
		{8A1A8538-0592-4ED4-9DEB-21E384E5BE2B}.Release|Any CPU.ActiveCfg = Release|Any CPU
		{8A1A8538-0592-4ED4-9DEB-21E384E5BE2B}.Release|Any CPU.Build.0 = Release|Any CPU
		{8A1A8538-0592-4ED4-9DEB-21E384E5BE2B}.Release|x64.ActiveCfg = Release|Any CPU
		{8A1A8538-0592-4ED4-9DEB-21E384E5BE2B}.Release|x64.Build.0 = Release|Any CPU
		{8A1A8538-0592-4ED4-9DEB-21E384E5BE2B}.Release|x86.ActiveCfg = Release|Any CPU
		{8A1A8538-0592-4ED4-9DEB-21E384E5BE2B}.Release|x86.Build.0 = Release|Any CPU
		{7DEC6E4E-24F7-4691-9603-87AB69791106}.Debug|Any CPU.ActiveCfg = Debug|Any CPU
		{7DEC6E4E-24F7-4691-9603-87AB69791106}.Debug|Any CPU.Build.0 = Debug|Any CPU
		{7DEC6E4E-24F7-4691-9603-87AB69791106}.Debug|x64.ActiveCfg = Debug|Any CPU
		{7DEC6E4E-24F7-4691-9603-87AB69791106}.Debug|x64.Build.0 = Debug|Any CPU
		{7DEC6E4E-24F7-4691-9603-87AB69791106}.Debug|x86.ActiveCfg = Debug|Any CPU
		{7DEC6E4E-24F7-4691-9603-87AB69791106}.Debug|x86.Build.0 = Debug|Any CPU
		{7DEC6E4E-24F7-4691-9603-87AB69791106}.Release|Any CPU.ActiveCfg = Release|Any CPU
		{7DEC6E4E-24F7-4691-9603-87AB69791106}.Release|Any CPU.Build.0 = Release|Any CPU
		{7DEC6E4E-24F7-4691-9603-87AB69791106}.Release|x64.ActiveCfg = Release|Any CPU
		{7DEC6E4E-24F7-4691-9603-87AB69791106}.Release|x64.Build.0 = Release|Any CPU
		{7DEC6E4E-24F7-4691-9603-87AB69791106}.Release|x86.ActiveCfg = Release|Any CPU
		{7DEC6E4E-24F7-4691-9603-87AB69791106}.Release|x86.Build.0 = Release|Any CPU
		{A195CA24-963B-4E78-AF13-DE0FD5DFBF6F}.Debug|Any CPU.ActiveCfg = Debug|Any CPU
		{A195CA24-963B-4E78-AF13-DE0FD5DFBF6F}.Debug|Any CPU.Build.0 = Debug|Any CPU
		{A195CA24-963B-4E78-AF13-DE0FD5DFBF6F}.Debug|x64.ActiveCfg = Debug|Any CPU
		{A195CA24-963B-4E78-AF13-DE0FD5DFBF6F}.Debug|x64.Build.0 = Debug|Any CPU
		{A195CA24-963B-4E78-AF13-DE0FD5DFBF6F}.Debug|x86.ActiveCfg = Debug|Any CPU
		{A195CA24-963B-4E78-AF13-DE0FD5DFBF6F}.Debug|x86.Build.0 = Debug|Any CPU
		{A195CA24-963B-4E78-AF13-DE0FD5DFBF6F}.Release|Any CPU.ActiveCfg = Release|Any CPU
		{A195CA24-963B-4E78-AF13-DE0FD5DFBF6F}.Release|Any CPU.Build.0 = Release|Any CPU
		{A195CA24-963B-4E78-AF13-DE0FD5DFBF6F}.Release|x64.ActiveCfg = Release|Any CPU
		{A195CA24-963B-4E78-AF13-DE0FD5DFBF6F}.Release|x64.Build.0 = Release|Any CPU
		{A195CA24-963B-4E78-AF13-DE0FD5DFBF6F}.Release|x86.ActiveCfg = Release|Any CPU
		{A195CA24-963B-4E78-AF13-DE0FD5DFBF6F}.Release|x86.Build.0 = Release|Any CPU
	EndGlobalSection
	GlobalSection(SolutionProperties) = preSolution
		HideSolutionNode = FALSE
	EndGlobalSection
EndGlobal
